{
  "nodes": {
    "crane": {
      "locked": {
        "lastModified": 1788465171,
        "narHash": "sha256-Y1/TTVXjYXGF068IThQH9fPSZ0SIE74PABlUxnWTUH0=",
        "owner": "ipetkov",
        "repo": "crane",
        "rev": "eb35abda9f232cc6610b1d1e3200d15c49b7ac54",
        "type": "github"
      },
      "original": {
        "owner": "ipetkov",
        "repo": "crane",
        "type": "github"
      }
    },
    "crane-portable": {
      "inputs": {
        "nixpkgs": [
          "desktop",
          "nixpkgs-portable"
        ]
      },
      "locked": {
        "lastModified": 1714842444,
        "narHash": "sha256-z4HeSYtEdYxKurrbxCMb8v/I1LYDHR/aFrZtGtgUgHw=",
        "owner": "ipetkov",
        "repo": "crane",
        "rev": "c5ee4371eea1728ef04bb09c79577c84d5e67a48",
        "type": "github"
      },
      "original": {
        "owner": "ipetkov",
        "ref": "v0.16.6",
        "repo": "crane",
        "type": "github"
      }
    },
    "desktop": {
      "inputs": {
        "crane": [
          "crane"
        ],
        "crane-portable": "crane-portable",
        "nixpkgs": [
          "nixpkgs"
        ],
        "nixpkgs-portable": "nixpkgs-portable",
        "rust-overlay": [
          "rust-overlay"
        ]
      },
      "locked": {
        "path": "./apps/garmin-desktop",
        "type": "path"
      },
      "original": {
        "path": "./apps/garmin-desktop",
        "type": "path"
      },
      "parent": []
    },
    "fenix": {
      "inputs": {
        "nixpkgs": [
          "nixpkgs"
        ],
        "rust-analyzer-src": "rust-analyzer-src"
      },
      "locked": {
        "lastModified": 1789208700,
        "narHash": "sha256-bWOgADrzv4cPoKhdHZxxjEHxNWfdNJOKLy9DuMYDaUQ=",
        "owner": "nix-community",
        "repo": "fenix",
        "rev": "17757a67ed6621e70efc4271258825f34ee8409e",
        "type": "github"
      },
      "original": {
        "owner": "nix-community",
        "repo": "fenix",
        "type": "github"
      }
    },
    "flake-utils": {
      "inputs": {
        "systems": "systems"
      },
      "locked": {
        "lastModified": 1731533236,
        "narHash": "sha256-l0KFg5HjrsfsO/JpG+r7fRrqm12kzFHyUHqHCVpMMbI=",
        "owner": "numtide",
        "repo": "flake-utils",
        "rev": "11707dc2f618dd54ca8739b309ec4fc024de578b",
        "type": "github"
      },
      "original": {
        "owner": "numtide",
        "repo": "flake-utils",
        "type": "github"
      }
    },
    "gallery": {
      "inputs": {
        "crane": [
          "crane"
        ],
        "nixpkgs": [
          "nixpkgs"
        ],
        "rust-overlay": [
          "rust-overlay"
        ]
      },
      "locked": {
        "path": "./infra/gallery",
        "type": "path"
      },
      "original": {
        "path": "./infra/gallery",
        "type": "path"
      },
      "parent": []
    },
    "gritql-src": {
      "flake": false,
      "locked": {
        "lastModified": 1774843698,
        "narHash": "sha256-/rftecZn0eH4tx07jJEf6ycEOrqpSAj+9st8c8+ySvU=",
        "owner": "biomejs",
        "repo": "gritql",
        "rev": "dbe8faba29a3a7008805aa431534742070002933",
        "type": "github"
      },
      "original": {
        "owner": "biomejs",
        "ref": "v0.0.3",
        "repo": "gritql",
        "type": "github"
      }
    },
    "hass": {
      "inputs": {
        "crane": [
          "crane"
        ],
        "nixpkgs": [
          "nixpkgs"
        ],
        "rust-overlay": [
          "rust-overlay"
        ]
      },
      "locked": {
        "path": "./apps/garmin-hass",
        "type": "path"
      },
      "original": {
        "path": "./apps/garmin-hass",
        "type": "path"
      },
      "parent": []
    },
    "nix-gritql": {
      "inputs": {
        "gritql-src": "gritql-src",
        "nixpkgs-pinned": [
          "nix-tools",
          "nixpkgs-pinned"
        ],
        "tree-sitter-facade-src": "tree-sitter-facade-src",
        "tree-sitter-gritql-src": "tree-sitter-gritql-src",
        "web-tree-sitter-src": "web-tree-sitter-src"
      },
      "locked": {
        "lastModified": 1788859106,
        "narHash": "sha256-ZIOXYadKm4uB5S5Ga0VCrhfhF3D579YiYtU2VEjGlMA=",
        "owner": "kubijo",
        "repo": "nix-gritql",
        "rev": "a7dd64d332f5339653d79797a2e3ed3598452269",
        "type": "github"
      },
      "original": {
        "owner": "kubijo",
        "ref": "v0.5.0",
        "repo": "nix-gritql",
        "type": "github"
      }
    },
    "nix-tools": {
      "inputs": {
        "nix-gritql": "nix-gritql",
        "nixpkgs-pinned": "nixpkgs-pinned"
      },
      "locked": {
        "lastModified": 1788866936,
        "narHash": "sha256-uoEI+8mq8Q1AgbB+QKEKOUHafNj2Gl3SH6Ik8KqzOwo=",
        "owner": "kubijo",
        "repo": "nix-tools",
        "rev": "6f826ac80ca775e99b4f3be5858a83d5a140ab17",
        "type": "github"
      },
      "original": {
        "owner": "kubijo",
        "repo": "nix-tools",
        "type": "github"
      }
    },
    "nixpkgs": {
      "locked": {
        "lastModified": 1789006805,
        "narHash": "sha256-xB8mKMOx1IA9vTDNLmJZ6n4wCMq/cuWBBOzGCRnqxrU=",
        "owner": "NixOS",
        "repo": "nixpkgs",
        "rev": "8ce4ef6cb6f871616146b9fe26d2a5ae594e94fe",
        "type": "github"
      },
      "original": {
        "owner": "NixOS",
        "ref": "nixos-unstable",
        "repo": "nixpkgs",
        "type": "github"
      }
    },
    "nixpkgs-pinned": {
      "locked": {
        "lastModified": 1788608636,
        "narHash": "sha256-RqeFOwW329f4i1f5QlJgQYwgEZvxIHJsUYlzIBxsKsY=",
        "owner": "NixOS",
        "repo": "nixpkgs",
        "rev": "0af3d1402dec3fc7e93635e511d1f7428c89cebf",
        "type": "github"
      },
      "original": {
        "owner": "NixOS",
        "ref": "nixpkgs-unstable",
        "repo": "nixpkgs",
        "type": "github"
      }
    },
    "nixpkgs-portable": {
      "locked": {
        "lastModified": 1720535198,
        "narHash": "sha256-zwVvxrdIzralnSbcpghA92tWu2DV2lwv89xZc8MTrbg=",
        "owner": "NixOS",
        "repo": "nixpkgs",
        "rev": "205fd4226592cc83fd4c0885a3e4c9c400efabb5",
        "type": "github"
      },
      "original": {
        "owner": "NixOS",
        "ref": "release-23.11",
        "repo": "nixpkgs",
        "type": "github"
      }
    },
    "pyproject-build-systems": {
      "inputs": {
        "nixpkgs": [
          "nixpkgs"
        ],
        "pyproject-nix": [
          "pyproject-nix"
        ],
        "uv2nix": [
          "uv2nix"
        ]
      },
      "locked": {
        "lastModified": 1788149501,
        "narHash": "sha256-XKJP4KvhawV3pyVfraX3sflz05Rp7KP74gRt6QqKjNE=",
        "owner": "pyproject-nix",
        "repo": "build-system-pkgs",
        "rev": "150839ac67b5a34db56a55e8f6b7099a4e7878ab",
        "type": "github"
      },
      "original": {
        "owner": "pyproject-nix",
        "repo": "build-system-pkgs",
        "type": "github"
      }
    },
    "pyproject-nix": {
      "inputs": {
        "nixpkgs": [
          "nixpkgs"
        ]
      },
      "locked": {
        "lastModified": 1788394333,
        "narHash": "sha256-xYOP0Xym1eVGUaHFx+eJEaycFGoiCbst3fZf0xFHP78=",
        "owner": "pyproject-nix",
        "repo": "pyproject.nix",
        "rev": "6a8a7881d75b6f98967e7b8069f4ead331384301",
        "type": "github"
      },
      "original": {
        "owner": "pyproject-nix",
        "repo": "pyproject.nix",
        "type": "github"
      }
    },
    "root": {
      "inputs": {
        "crane": "crane",
        "desktop": "desktop",
        "fenix": "fenix",
        "flake-utils": "flake-utils",
        "gallery": "gallery",
        "hass": "hass",
        "nix-tools": "nix-tools",
        "nixpkgs": "nixpkgs",
        "pyproject-build-systems": "pyproject-build-systems",
        "pyproject-nix": "pyproject-nix",
        "rust-overlay": "rust-overlay",
        "uv2nix": "uv2nix"
      }
    },
    "rust-analyzer-src": {
      "flake": false,
      "locked": {
        "lastModified": 1789128286,
        "narHash": "sha256-KRxxgHiKIBp7R2n41IJuE5K4IUiLOpg47EEi3AxuSp8=",
        "owner": "rust-lang",
        "repo": "rust-analyzer",
        "rev": "6aeeb8cf02741e5da07a1615a05faa506cecb21a",
        "type": "github"
      },
      "original": {
        "owner": "rust-lang",
        "ref": "nightly",
        "repo": "rust-analyzer",
        "type": "github"
      }
    },
    "rust-overlay": {
      "inputs": {
        "nixpkgs": [
          "nixpkgs"
        ]
      },
      "locked": {
        "lastModified": 1789196581,
        "narHash": "sha256-yJr1Bt4fKkKIpPYbsKGqJ0VFdoDnURgRwuffmBQ2WzY=",
        "owner": "oxalica",
        "repo": "rust-overlay",
        "rev": "228ecefb6329d5a531b77b46b581a2f0c26ee056",
        "type": "github"
      },
      "original": {
        "owner": "oxalica",
        "repo": "rust-overlay",
        "type": "github"
      }
    },
    "systems": {
      "locked": {
        "lastModified": 1681028828,
        "narHash": "sha256-Vy1rq5AaRuLzOxct8nz4T6wlgyUR7zLU309k9mBC768=",
        "owner": "nix-systems",
        "repo": "default",
        "rev": "da67096a3b9bf56a91d16901293e51ba5b49a27e",
        "type": "github"
      },
      "original": {
        "owner": "nix-systems",
        "repo": "default",
        "type": "github"
      }
    },
    "tree-sitter-facade-src": {
      "flake": false,
      "locked": {
        "lastModified": 1712338157,
        "narHash": "sha256-nFvQK1NYEIuIwYp1oqGWRM0l2kqdumLTEJADmaocEdw=",
        "owner": "getgrit",
        "repo": "tree-sitter-facade",
        "rev": "a26c147cea7049a5d2c42006499371b346b52648",
        "type": "github"
      },
      "original": {
        "owner": "getgrit",
        "repo": "tree-sitter-facade",
        "rev": "a26c147cea7049a5d2c42006499371b346b52648",
        "type": "github"
      }
    },
    "tree-sitter-gritql-src": {
      "flake": false,
      "locked": {
        "lastModified": 1736264979,
        "narHash": "sha256-nfEvwujjELM7l7MmN/HG4X/zQNZN67mezI1Hn9YxMgM=",
        "owner": "getgrit",
        "repo": "tree-sitter-gritql",
        "rev": "f9d98660bd7ae78c9211cb52e295bcd6531a8121",
        "type": "github"
      },
      "original": {
        "owner": "getgrit",
        "repo": "tree-sitter-gritql",
        "rev": "f9d98660bd7ae78c9211cb52e295bcd6531a8121",
        "type": "github"
      }
    },
    "uv2nix": {
      "inputs": {
        "nixpkgs": [
          "nixpkgs"
        ],
        "pyproject-nix": [
          "pyproject-nix"
        ]
      },
      "locked": {
        "lastModified": 1788001239,
        "narHash": "sha256-AELmsXPI546MhbC/ZXC7WRUkCz7d4rqKTHUmliIgPpI=",
        "owner": "pyproject-nix",
        "repo": "uv2nix",
        "rev": "7f9c6b613d2e749e54854b1d60ab6a2192db889e",
        "type": "github"
      },
      "original": {
        "owner": "pyproject-nix",
        "repo": "uv2nix",
        "type": "github"
      }
    },
    "web-tree-sitter-src": {
      "flake": false,
      "locked": {
        "lastModified": 1684939404,
        "narHash": "sha256-0HBMN6mSdkVc0XVIr3LvY3npPfFn/tKUuXczUUtwR88=",
        "owner": "getgrit",
        "repo": "web-tree-sitter",
        "rev": "9a01e452ec7288851405722e13aca08d9d90b6b1",
        "type": "github"
      },
      "original": {
        "owner": "getgrit",
        "repo": "web-tree-sitter",
        "rev": "9a01e452ec7288851405722e13aca08d9d90b6b1",
        "type": "github"
      }
    }
  },
  "root": "root",
  "version": 7
}
